
Microsoft Visual Studio Solution File, Format Version 12.00
# Visual Studio Version 16
VisualStudioVersion = 16.0.28902.138
MinimumVisualStudioVersion = 10.0.40219.1
Project("{9A19103F-16F7-4668-BE54-9A1E7A4F7556}") = "Uno.UITest", "uno.uitest\Uno.UITest.csproj", "{C0578553-D584-48C3-9484-1A25DAD66269}"
EndProject
Project("{2150E333-8FDC-42A3-9474-1A3956D46DE8}") = "Samples", "Samples", "{CD1416B0-9C18-47C1-8B73-34582BAB0EE6}"
EndProject
Project("{FAE04EC0-301F-11D3-BF4B-00C04F79EFBC}") = "Uno.UITest.Xamarin", "Uno.UITest.Xamarin\Uno.UITest.Xamarin.csproj", "{5821885B-6C0B-4DF2-967D-352DA33D30B1}"
EndProject
Global
	GlobalSection(SolutionConfigurationPlatforms) = preSolution
		Debug|Any CPU = Debug|Any CPU
		Release|Any CPU = Release|Any CPU
	EndGlobalSection
	GlobalSection(ProjectConfigurationPlatforms) = postSolution
		{C0578553-D584-48C3-9484-1A25DAD66269}.Debug|Any CPU.ActiveCfg = Debug|Any CPU
		{C0578553-D584-48C3-9484-1A25DAD66269}.Debug|Any CPU.Build.0 = Debug|Any CPU
		{C0578553-D584-48C3-9484-1A25DAD66269}.Release|Any CPU.ActiveCfg = Release|Any CPU
		{C0578553-D584-48C3-9484-1A25DAD66269}.Release|Any CPU.Build.0 = Release|Any CPU
		{5821885B-6C0B-4DF2-967D-352DA33D30B1}.Debug|Any CPU.ActiveCfg = Debug|Any CPU
		{5821885B-6C0B-4DF2-967D-352DA33D30B1}.Debug|Any CPU.Build.0 = Debug|Any CPU
		{5821885B-6C0B-4DF2-967D-352DA33D30B1}.Release|Any CPU.ActiveCfg = Release|Any CPU
		{5821885B-6C0B-4DF2-967D-352DA33D30B1}.Release|Any CPU.Build.0 = Release|Any CPU
	EndGlobalSection
	GlobalSection(SolutionProperties) = preSolution
		HideSolutionNode = FALSE
	EndGlobalSection
	GlobalSection(ExtensibilityGlobals) = postSolution
		SolutionGuid = {8151C9E9-B16D-46FF-B9AB-8E19B32E1B4F}
	EndGlobalSection
EndGlobal
